
Microsoft Visual Studio Solution File, Format Version 12.00
# Visual Studio Version 17
VisualStudioVersion = 17.1.32319.34
MinimumVisualStudioVersion = 10.0.40219.1
Project("{FAE04EC0-301F-11D3-BF4B-00C04F79EFBC}") = "ConsoleApp7", "ConsoleApp7.csproj", "{76F0E802-422C-484B-BD22-29CA7F3502D5}"
EndProject
Global
	GlobalSection(SolutionConfigurationPlatforms) = preSolution
		Debug|Any CPU = Debug|Any CPU
		Release|Any CPU = Release|Any CPU
	EndGlobalSection
	GlobalSection(ProjectConfigurationPlatforms) = postSolution
		{76F0E802-422C-484B-BD22-29CA7F3502D5}.Debug|Any CPU.ActiveCfg = Debug|Any CPU
		{76F0E802-422C-484B-BD22-29CA7F3502D5}.Debug|Any CPU.Build.0 = Debug|Any CPU
		{76F0E802-422C-484B-BD22-29CA7F3502D5}.Release|Any CPU.ActiveCfg = Release|Any CPU
		{76F0E802-422C-484B-BD22-29CA7F3502D5}.Release|Any CPU.Build.0 = Release|Any CPU
	EndGlobalSection
	GlobalSection(SolutionProperties) = preSolution
		HideSolutionNode = FALSE
	EndGlobalSection
	GlobalSection(ExtensibilityGlobals) = postSolution
		SolutionGuid = {B1C2FB88-69A9-49D9-9635-094B8E643FA7}
	EndGlobalSection
EndGlobal
